
Microsoft Visual Studio Solution File, Format Version 12.00
# Visual Studio 15
VisualStudioVersion = 15.0.26730.12
MinimumVisualStudioVersion = 10.0.40219.1
Project("{2150E333-8FDC-42A3-9474-1A3956D46DE8}") = "Game", "Game", "{F0AFDCDA-E116-4D32-BFE6-0BC9F72293DF}"
EndProject
Project("{39E2626F-3545-4960-A6E8-258AD8476CE5}") = "Packaging", "Packaging\Packaging.androidproj", "{92CA1090-D349-406B-A479-4AB879ABFFCD}"
EndProject
Project("{8BC9CEB8-8B4A-11D0-8D11-00A0C91BC942}") = "NativeActivity", "NativeActivity\NativeActivity.vcxproj", "{51FFC08C-7A37-4784-8F9E-76875586BFA3}"
EndProject
Global
	GlobalSection(SolutionConfigurationPlatforms) = preSolution
		Debug|ARM = Debug|ARM
		Debug|x86 = Debug|x86
		Release|ARM = Release|ARM
		Release|x86 = Release|x86
	EndGlobalSection
	GlobalSection(ProjectConfigurationPlatforms) = postSolution
		{92CA1090-D349-406B-A479-4AB879ABFFCD}.Debug|ARM.ActiveCfg = Debug|ARM
		{92CA1090-D349-406B-A479-4AB879ABFFCD}.Debug|ARM.Build.0 = Debug|ARM
		{92CA1090-D349-406B-A479-4AB879ABFFCD}.Debug|ARM.Deploy.0 = Debug|ARM
		{92CA1090-D349-406B-A479-4AB879ABFFCD}.Debug|x86.ActiveCfg = Debug|x86
		{92CA1090-D349-406B-A479-4AB879ABFFCD}.Debug|x86.Build.0 = Debug|x86
		{92CA1090-D349-406B-A479-4AB879ABFFCD}.Debug|x86.Deploy.0 = Debug|x86
		{92CA1090-D349-406B-A479-4AB879ABFFCD}.Release|ARM.ActiveCfg = Release|ARM
		{92CA1090-D349-406B-A479-4AB879ABFFCD}.Release|ARM.Build.0 = Release|ARM
		{92CA1090-D349-406B-A479-4AB879ABFFCD}.Release|ARM.Deploy.0 = Release|ARM
		{92CA1090-D349-406B-A479-4AB879ABFFCD}.Release|x86.ActiveCfg = Release|x86
		{92CA1090-D349-406B-A479-4AB879ABFFCD}.Release|x86.Build.0 = Release|x86
		{92CA1090-D349-406B-A479-4AB879ABFFCD}.Release|x86.Deploy.0 = Release|x86
		{51FFC08C-7A37-4784-8F9E-76875586BFA3}.Debug|ARM.ActiveCfg = Debug|ARM
		{51FFC08C-7A37-4784-8F9E-76875586BFA3}.Debug|ARM.Build.0 = Debug|ARM
		{51FFC08C-7A37-4784-8F9E-76875586BFA3}.Debug|x86.ActiveCfg = Debug|x86
		{51FFC08C-7A37-4784-8F9E-76875586BFA3}.Debug|x86.Build.0 = Debug|x86
		{51FFC08C-7A37-4784-8F9E-76875586BFA3}.Release|ARM.ActiveCfg = Release|ARM
		{51FFC08C-7A37-4784-8F9E-76875586BFA3}.Release|ARM.Build.0 = Release|ARM
		{51FFC08C-7A37-4784-8F9E-76875586BFA3}.Release|x86.ActiveCfg = Release|x86
		{51FFC08C-7A37-4784-8F9E-76875586BFA3}.Release|x86.Build.0 = Release|x86
	EndGlobalSection
	GlobalSection(SolutionProperties) = preSolution
		HideSolutionNode = FALSE
	EndGlobalSection
	GlobalSection(NestedProjects) = preSolution
		{92CA1090-D349-406B-A479-4AB879ABFFCD} = {F0AFDCDA-E116-4D32-BFE6-0BC9F72293DF}
		{51FFC08C-7A37-4784-8F9E-76875586BFA3} = {F0AFDCDA-E116-4D32-BFE6-0BC9F72293DF}
	EndGlobalSection
	GlobalSection(ExtensibilityGlobals) = postSolution
		SolutionGuid = {B8D91CD2-55DB-4F87-84A5-81FB62CDA320}
	EndGlobalSection
EndGlobal
